
Microsoft Visual Studio Solution File, Format Version 12.00
Project("{FAE04EC0-301F-11D3-BF4B-00C04F79EFBC}") = "Neptunium", "Neptunium.csproj", "{0DFD72ED-1E87-4A9A-97A7-408EEC1888FC}"
EndProject
Global
	GlobalSection(SolutionConfigurationPlatforms) = preSolution
		Debug|Any CPU = Debug|Any CPU
		Release|Any CPU = Release|Any CPU
	EndGlobalSection
	GlobalSection(ProjectConfigurationPlatforms) = postSolution
		{0DFD72ED-1E87-4A9A-97A7-408EEC1888FC}.Debug|Any CPU.ActiveCfg = Debug|Any CPU
		{0DFD72ED-1E87-4A9A-97A7-408EEC1888FC}.Debug|Any CPU.Build.0 = Debug|Any CPU
		{0DFD72ED-1E87-4A9A-97A7-408EEC1888FC}.Release|Any CPU.ActiveCfg = Release|Any CPU
		{0DFD72ED-1E87-4A9A-97A7-408EEC1888FC}.Release|Any CPU.Build.0 = Release|Any CPU
	EndGlobalSection
EndGlobal
